// !$*UTF8*$!
{
	archiveVersion = 1;
	classes = {
	};
	objectVersion = 77;
	objects = {

/* Begin PBXBuildFile section */
		4B0473A02C3D120100000001 /* RoomFitApp.swift in Sources */ = {isa = PBXBuildFile; fileRef = 4B04739B2C3D120100000001 /* RoomFitApp.swift */; };
		4B0473A12C3D120100000001 /* ContentView.swift in Sources */ = {isa = PBXBuildFile; fileRef = 4B04739C2C3D120100000001 /* ContentView.swift */; };
		4B0473A22C3D120100000001 /* RoomScanController.swift in Sources */ = {isa = PBXBuildFile; fileRef = 4B04739D2C3D120100000001 /* RoomScanController.swift */; };
		4B0473A32C3D120100000001 /* RoomCaptureViewContainer.swift in Sources */ = {isa = PBXBuildFile; fileRef = 4B04739E2C3D120100000001 /* RoomCaptureViewContainer.swift */; };
		4B0473A42C3D120100000001 /* ShareSheet.swift in Sources */ = {isa = PBXBuildFile; fileRef = 4B04739F2C3D120100000001 /* ShareSheet.swift */; };
		4B2000022C3D130100000001 /* BackendConfig.swift in Sources */ = {isa = PBXBuildFile; fileRef = 4B2000002C3D130100000001 /* BackendConfig.swift */; };
		4B2000032C3D130100000001 /* RoomUploadService.swift in Sources */ = {isa = PBXBuildFile; fileRef = 4B2000012C3D130100000001 /* RoomUploadService.swift */; };
		4B2000062C3D130100000001 /* UploadedRoomStore.swift in Sources */ = {isa = PBXBuildFile; fileRef = 4B2000052C3D130100000001 /* UploadedRoomStore.swift */; };
		4B2000082C3D130100000001 /* Assets.xcassets in Resources */ = {isa = PBXBuildFile; fileRef = 4B2000072C3D130100000001 /* Assets.xcassets */; };
		4B2000092C3D130100000001 /* RoomModelPreview.swift in Sources */ = {isa = PBXBuildFile; fileRef = 4B2000102C3D130100000001 /* RoomModelPreview.swift */; };
		4B2000112C3D130100000001 /* Theme.swift in Sources */ = {isa = PBXBuildFile; fileRef = 4B2000122C3D130100000001 /* Theme.swift */; };
		4B2000142C3D130100000001 /* RoomFitClientIdentity.swift in Sources */ = {isa = PBXBuildFile; fileRef = 4B2000132C3D130100000001 /* RoomFitClientIdentity.swift */; };
/* End PBXBuildFile section */

/* Begin PBXFileReference section */
		4B0473932C3D120100000001 /* RoomFit.app */ = {isa = PBXFileReference; explicitFileType = wrapper.application; includeInIndex = 0; path = RoomFit.app; sourceTree = BUILT_PRODUCTS_DIR; };
		4B04739B2C3D120100000001 /* RoomFitApp.swift */ = {isa = PBXFileReference; lastKnownFileType = sourcecode.swift; path = RoomFitApp.swift; sourceTree = "<group>"; };
		4B04739C2C3D120100000001 /* ContentView.swift */ = {isa = PBXFileReference; lastKnownFileType = sourcecode.swift; path = ContentView.swift; sourceTree = "<group>"; };
		4B04739D2C3D120100000001 /* RoomScanController.swift */ = {isa = PBXFileReference; lastKnownFileType = sourcecode.swift; path = RoomScanController.swift; sourceTree = "<group>"; };
		4B04739E2C3D120100000001 /* RoomCaptureViewContainer.swift */ = {isa = PBXFileReference; lastKnownFileType = sourcecode.swift; path = RoomCaptureViewContainer.swift; sourceTree = "<group>"; };
		4B04739F2C3D120100000001 /* ShareSheet.swift */ = {isa = PBXFileReference; lastKnownFileType = sourcecode.swift; path = ShareSheet.swift; sourceTree = "<group>"; };
		4B2000002C3D130100000001 /* BackendConfig.swift */ = {isa = PBXFileReference; lastKnownFileType = sourcecode.swift; path = BackendConfig.swift; sourceTree = "<group>"; };
		4B2000012C3D130100000001 /* RoomUploadService.swift */ = {isa = PBXFileReference; lastKnownFileType = sourcecode.swift; path = RoomUploadService.swift; sourceTree = "<group>"; };
		4B2000042C3D130100000001 /* Info.plist */ = {isa = PBXFileReference; lastKnownFileType = text.plist.xml; path = Info.plist; sourceTree = "<group>"; };
		4B2000052C3D130100000001 /* UploadedRoomStore.swift */ = {isa = PBXFileReference; lastKnownFileType = sourcecode.swift; path = UploadedRoomStore.swift; sourceTree = "<group>"; };
		4B2000072C3D130100000001 /* Assets.xcassets */ = {isa = PBXFileReference; lastKnownFileType = folder.assetcatalog; path = Assets.xcassets; sourceTree = "<group>"; };
		4B2000102C3D130100000001 /* RoomModelPreview.swift */ = {isa = PBXFileReference; lastKnownFileType = sourcecode.swift; path = RoomModelPreview.swift; sourceTree = "<group>"; };
		4B2000122C3D130100000001 /* Theme.swift */ = {isa = PBXFileReference; lastKnownFileType = sourcecode.swift; path = Theme.swift; sourceTree = "<group>"; };
		4B2000132C3D130100000001 /* RoomFitClientIdentity.swift */ = {isa = PBXFileReference; lastKnownFileType = sourcecode.swift; path = RoomFitClientIdentity.swift; sourceTree = "<group>"; };
/* End PBXFileReference section */

/* Begin PBXFrameworksBuildPhase section */
		4B0473902C3D120100000001 /* Frameworks */ = {
			isa = PBXFrameworksBuildPhase;
			buildActionMask = 2147483647;
			files = (
			);
			runOnlyForDeploymentPostprocessing = 0;
		};
/* End PBXFrameworksBuildPhase section */

/* Begin PBXGroup section */
		4B04738A2C3D120100000001 = {
			isa = PBXGroup;
			children = (
				4B04739A2C3D120100000001 /* RoomFit */,
				4B0473942C3D120100000001 /* Products */,
			);
			sourceTree = "<group>";
		};
		4B0473942C3D120100000001 /* Products */ = {
			isa = PBXGroup;
			children = (
				4B0473932C3D120100000001 /* RoomFit.app */,
			);
			name = Products;
			sourceTree = "<group>";
		};
		4B04739A2C3D120100000001 /* RoomFit */ = {
			isa = PBXGroup;
			children = (
				4B04739B2C3D120100000001 /* RoomFitApp.swift */,
				4B2000122C3D130100000001 /* Theme.swift */,
				4B2000002C3D130100000001 /* BackendConfig.swift */,
				4B2000132C3D130100000001 /* RoomFitClientIdentity.swift */,
				4B04739C2C3D120100000001 /* ContentView.swift */,
				4B04739D2C3D120100000001 /* RoomScanController.swift */,
				4B2000012C3D130100000001 /* RoomUploadService.swift */,
				4B2000052C3D130100000001 /* UploadedRoomStore.swift */,
				4B2000102C3D130100000001 /* RoomModelPreview.swift */,
				4B04739E2C3D120100000001 /* RoomCaptureViewContainer.swift */,
				4B04739F2C3D120100000001 /* ShareSheet.swift */,
				4B2000072C3D130100000001 /* Assets.xcassets */,
				4B2000042C3D130100000001 /* Info.plist */,
			);
			path = RoomFit;
			sourceTree = "<group>";
		};
/* End PBXGroup section */

/* Begin PBXNativeTarget section */
		4B0473922C3D120100000001 /* RoomFit */ = {
			isa = PBXNativeTarget;
			buildConfigurationList = 4B0473A92C3D120100000001 /* Build configuration list for PBXNativeTarget "RoomFit" */;
			buildPhases = (
				4B04738F2C3D120100000001 /* Sources */,
				4B0473902C3D120100000001 /* Frameworks */,
				4B0473912C3D120100000001 /* Resources */,
			);
			buildRules = (
			);
			dependencies = (
			);
			name = RoomFit;
			packageProductDependencies = (
			);
			productName = RoomFit;
			productReference = 4B0473932C3D120100000001 /* RoomFit.app */;
			productType = "com.apple.product-type.application";
		};
/* End PBXNativeTarget section */

/* Begin PBXProject section */
		4B04738B2C3D120100000001 /* Project object */ = {
			isa = PBXProject;
			attributes = {
				BuildIndependentTargetsInParallel = 1;
				LastSwiftUpdateCheck = 2620;
				LastUpgradeCheck = 2620;
				TargetAttributes = {
					4B0473922C3D120100000001 = {
						CreatedOnToolsVersion = 26.2;
					};
				};
			};
			buildConfigurationList = 4B04738E2C3D120100000001 /* Build configuration list for PBXProject "RoomFit" */;
			developmentRegion = en;
			hasScannedForEncodings = 0;
			knownRegions = (
				en,
				Base,
			);
			mainGroup = 4B04738A2C3D120100000001;
			minimizedProjectReferenceProxies = 1;
			preferredProjectObjectVersion = 77;
			productRefGroup = 4B0473942C3D120100000001 /* Products */;
			projectDirPath = "";
			projectRoot = "";
			targets = (
				4B0473922C3D120100000001 /* RoomFit */,
			);
		};
/* End PBXProject section */

/* Begin PBXResourcesBuildPhase section */
		4B0473912C3D120100000001 /* Resources */ = {
			isa = PBXResourcesBuildPhase;
			buildActionMask = 2147483647;
			files = (
				4B2000082C3D130100000001 /* Assets.xcassets in Resources */,
			);
			runOnlyForDeploymentPostprocessing = 0;
		};
/* End PBXResourcesBuildPhase section */

/* Begin PBXSourcesBuildPhase section */
		4B04738F2C3D120100000001 /* Sources */ = {
			isa = PBXSourcesBuildPhase;
			buildActionMask = 2147483647;
			files = (
				4B0473A02C3D120100000001 /* RoomFitApp.swift in Sources */,
				4B2000112C3D130100000001 /* Theme.swift in Sources */,
				4B2000022C3D130100000001 /* BackendConfig.swift in Sources */,
				4B2000142C3D130100000001 /* RoomFitClientIdentity.swift in Sources */,
				4B0473A12C3D120100000001 /* ContentView.swift in Sources */,
				4B0473A22C3D120100000001 /* RoomScanController.swift in Sources */,
				4B2000032C3D130100000001 /* RoomUploadService.swift in Sources */,
				4B2000062C3D130100000001 /* UploadedRoomStore.swift in Sources */,
				4B2000092C3D130100000001 /* RoomModelPreview.swift in Sources */,
				4B0473A32C3D120100000001 /* RoomCaptureViewContainer.swift in Sources */,
				4B0473A42C3D120100000001 /* ShareSheet.swift in Sources */,
			);
			runOnlyForDeploymentPostprocessing = 0;
		};
/* End PBXSourcesBuildPhase section */

/* Begin XCBuildConfiguration section */
		4B0473A52C3D120100000001 /* Debug */ = {
			isa = XCBuildConfiguration;
			buildSettings = {
				ALWAYS_SEARCH_USER_PATHS = NO;
				ASSETCATALOG_COMPILER_GENERATE_SWIFT_ASSET_SYMBOL_EXTENSIONS = YES;
				CLANG_ANALYZER_NONNULL = YES;
				CLANG_ANALYZER_NUMBER_OBJECT_CONVERSION = YES_AGGRESSIVE;
				CLANG_CXX_LANGUAGE_STANDARD = "gnu++20";
				CLANG_ENABLE_MODULES = YES;
				CLANG_ENABLE_OBJC_ARC = YES;
				CLANG_ENABLE_OBJC_WEAK = YES;
				CLANG_WARN_BLOCK_CAPTURE_AUTORELEASING = YES;
				CLANG_WARN_BOOL_CONVERSION = YES;
				CLANG_WARN_COMMA = YES;
				CLANG_WARN_CONSTANT_CONVERSION = YES;
				CLANG_WARN_DEPRECATED_OBJC_IMPLEMENTATIONS = YES;
				CLANG_WARN_DIRECT_OBJC_ISA_USAGE = YES_ERROR;
				CLANG_WARN_DOCUMENTATION_COMMENTS = YES;
				CLANG_WARN_EMPTY_BODY = YES;
				CLANG_WARN_ENUM_CONVERSION = YES;
				CLANG_WARN_INFINITE_RECURSION = YES;
				CLANG_WARN_INT_CONVERSION = YES;
				CLANG_WARN_NON_LITERAL_NULL_CONVERSION = YES;
				CLANG_WARN_OBJC_IMPLICIT_RETAIN_SELF = YES;
				CLANG_WARN_OBJC_LITERAL_CONVERSION = YES;
				CLANG_WARN_OBJC_ROOT_CLASS = YES_ERROR;
				CLANG_WARN_QUOTED_INCLUDE_IN_FRAMEWORK_HEADER = YES;
				CLANG_WARN_RANGE_LOOP_ANALYSIS = YES;
				CLANG_WARN_STRICT_PROTOTYPES = YES;
				CLANG_WARN_SUSPICIOUS_MOVE = YES;
				CLANG_WARN_UNGUARDED_AVAILABILITY = YES_AGGRESSIVE;
				CLANG_WARN_UNREACHABLE_CODE = YES;
				CLANG_WARN__DUPLICATE_METHOD_MATCH = YES;
				COPY_PHASE_STRIP = NO;
				DEBUG_INFORMATION_FORMAT = dwarf;
				ENABLE_STRICT_OBJC_MSGSEND = YES;
				ENABLE_TESTABILITY = YES;
				ENABLE_USER_SCRIPT_SANDBOXING = YES;
				GCC_C_LANGUAGE_STANDARD = gnu17;
				GCC_DYNAMIC_NO_PIC = NO;
				GCC_NO_COMMON_BLOCKS = YES;
				GCC_OPTIMIZATION_LEVEL = 0;
				GCC_PREPROCESSOR_DEFINITIONS = (
					"DEBUG=1",
					"$(inherited)",
				);
				GCC_WARN_64_TO_32_BIT_CONVERSION = YES;
				GCC_WARN_ABOUT_RETURN_TYPE = YES_ERROR;
				GCC_WARN_UNDECLARED_SELECTOR = YES;
				GCC_WARN_UNINITIALIZED_AUTOS = YES_AGGRESSIVE;
				GCC_WARN_UNUSED_FUNCTION = YES;
				GCC_WARN_UNUSED_VARIABLE = YES;
				IPHONEOS_DEPLOYMENT_TARGET = 16.0;
				LOCALIZATION_PREFERS_STRING_CATALOGS = YES;
				MTL_ENABLE_DEBUG_INFO = INCLUDE_SOURCE;
				MTL_FAST_MATH = YES;
				ONLY_ACTIVE_ARCH = YES;
				SDKROOT = iphoneos;
				SWIFT_ACTIVE_COMPILATION_CONDITIONS = "DEBUG $(inherited)";
				SWIFT_OPTIMIZATION_LEVEL = "-Onone";
			};
			name = Debug;
		};
		4B0473A62C3D120100000001 /* Release */ = {
			isa = XCBuildConfiguration;
			buildSettings = {
				ALWAYS_SEARCH_USER_PATHS = NO;
				ASSETCATALOG_COMPILER_GENERATE_SWIFT_ASSET_SYMBOL_EXTENSIONS = YES;
				CLANG_ANALYZER_NONNULL = YES;
				CLANG_ANALYZER_NUMBER_OBJECT_CONVERSION = YES_AGGRESSIVE;
				CLANG_CXX_LANGUAGE_STANDARD = "gnu++20";
				CLANG_ENABLE_MODULES = YES;
				CLANG_ENABLE_OBJC_ARC = YES;
				CLANG_ENABLE_OBJC_WEAK = YES;
				CLANG_WARN_BLOCK_CAPTURE_AUTORELEASING = YES;
				CLANG_WARN_BOOL_CONVERSION = YES;
				CLANG_WARN_COMMA = YES;
				CLANG_WARN_CONSTANT_CONVERSION = YES;
				CLANG_WARN_DEPRECATED_OBJC_IMPLEMENTATIONS = YES;
				CLANG_WARN_DIRECT_OBJC_ISA_USAGE = YES_ERROR;
				CLANG_WARN_DOCUMENTATION_COMMENTS = YES;
				CLANG_WARN_EMPTY_BODY = YES;
				CLANG_WARN_ENUM_CONVERSION = YES;
				CLANG_WARN_INFINITE_RECURSION = YES;
				CLANG_WARN_INT_CONVERSION = YES;
				CLANG_WARN_NON_LITERAL_NULL_CONVERSION = YES;
				CLANG_WARN_OBJC_IMPLICIT_RETAIN_SELF = YES;
				CLANG_WARN_OBJC_LITERAL_CONVERSION = YES;
				CLANG_WARN_OBJC_ROOT_CLASS = YES_ERROR;
				CLANG_WARN_QUOTED_INCLUDE_IN_FRAMEWORK_HEADER = YES;
				CLANG_WARN_RANGE_LOOP_ANALYSIS = YES;
				CLANG_WARN_STRICT_PROTOTYPES = YES;
				CLANG_WARN_SUSPICIOUS_MOVE = YES;
				CLANG_WARN_UNGUARDED_AVAILABILITY = YES_AGGRESSIVE;
				CLANG_WARN_UNREACHABLE_CODE = YES;
				CLANG_WARN__DUPLICATE_METHOD_MATCH = YES;
				COPY_PHASE_STRIP = NO;
				DEBUG_INFORMATION_FORMAT = "dwarf-with-dsym";
				ENABLE_NS_ASSERTIONS = NO;
				ENABLE_STRICT_OBJC_MSGSEND = YES;
				ENABLE_USER_SCRIPT_SANDBOXING = YES;
				GCC_C_LANGUAGE_STANDARD = gnu17;
				GCC_NO_COMMON_BLOCKS = YES;
				GCC_WARN_64_TO_32_BIT_CONVERSION = YES;
				GCC_WARN_ABOUT_RETURN_TYPE = YES_ERROR;
				GCC_WARN_UNDECLARED_SELECTOR = YES;
				GCC_WARN_UNINITIALIZED_AUTOS = YES_AGGRESSIVE;
				GCC_WARN_UNUSED_FUNCTION = YES;
				GCC_WARN_UNUSED_VARIABLE = YES;
				IPHONEOS_DEPLOYMENT_TARGET = 16.0;
				LOCALIZATION_PREFERS_STRING_CATALOGS = YES;
				MTL_ENABLE_DEBUG_INFO = NO;
				MTL_FAST_MATH = YES;
				SDKROOT = iphoneos;
				SWIFT_COMPILATION_MODE = wholemodule;
				VALIDATE_PRODUCT = YES;
			};
			name = Release;
		};
		4B0473A72C3D120100000001 /* Debug */ = {
			isa = XCBuildConfiguration;
			buildSettings = {
				ASSETCATALOG_COMPILER_APPICON_NAME = AppIcon;
				CODE_SIGN_STYLE = Automatic;
				CURRENT_PROJECT_VERSION = 2;
				DEVELOPMENT_ASSET_PATHS = "";
				DEVELOPMENT_TEAM = MYCFDSZ48B;
				GENERATE_INFOPLIST_FILE = NO;
				INFOPLIST_FILE = RoomFit/Info.plist;
				INFOPLIST_KEY_NSCameraUsageDescription = "방을 스캔하기 위해 카메라와 라이다 센서를 사용합니다.";
				INFOPLIST_KEY_UIApplicationSceneManifest_Generation = YES;
				INFOPLIST_KEY_UIApplicationSupportsIndirectInputEvents = YES;
				INFOPLIST_KEY_UILaunchScreen_Generation = YES;
				INFOPLIST_KEY_UISupportedInterfaceOrientations_iPad = "UIInterfaceOrientationPortrait UIInterfaceOrientationPortraitUpsideDown UIInterfaceOrientationLandscapeLeft UIInterfaceOrientationLandscapeRight";
				INFOPLIST_KEY_UISupportedInterfaceOrientations_iPhone = "UIInterfaceOrientationPortrait UIInterfaceOrientationLandscapeLeft UIInterfaceOrientationLandscapeRight";
				IPHONEOS_DEPLOYMENT_TARGET = 16.0;
				LD_RUNPATH_SEARCH_PATHS = (
					"$(inherited)",
					"@executable_path/Frameworks",
				);
				MARKETING_VERSION = 1.0;
				PRODUCT_BUNDLE_IDENTIFIER = com.davepark.RoomFit;
				PRODUCT_NAME = "$(TARGET_NAME)";
				SWIFT_EMIT_LOC_STRINGS = YES;
				SWIFT_VERSION = 5.0;
				TARGETED_DEVICE_FAMILY = "1,2";
			};
			name = Debug;
		};
		4B0473A82C3D120100000001 /* Release */ = {
			isa = XCBuildConfiguration;
			buildSettings = {
				ASSETCATALOG_COMPILER_APPICON_NAME = AppIcon;
				CODE_SIGN_STYLE = Automatic;
				CURRENT_PROJECT_VERSION = 2;
				DEVELOPMENT_ASSET_PATHS = "";
				DEVELOPMENT_TEAM = MYCFDSZ48B;
				GENERATE_INFOPLIST_FILE = NO;
				INFOPLIST_FILE = RoomFit/Info.plist;
				INFOPLIST_KEY_NSCameraUsageDescription = "방을 스캔하기 위해 카메라와 라이다 센서를 사용합니다.";
				INFOPLIST_KEY_UIApplicationSceneManifest_Generation = YES;
				INFOPLIST_KEY_UIApplicationSupportsIndirectInputEvents = YES;
				INFOPLIST_KEY_UILaunchScreen_Generation = YES;
				INFOPLIST_KEY_UISupportedInterfaceOrientations_iPad = "UIInterfaceOrientationPortrait UIInterfaceOrientationPortraitUpsideDown UIInterfaceOrientationLandscapeLeft UIInterfaceOrientationLandscapeRight";
				INFOPLIST_KEY_UISupportedInterfaceOrientations_iPhone = "UIInterfaceOrientationPortrait UIInterfaceOrientationLandscapeLeft UIInterfaceOrientationLandscapeRight";
				IPHONEOS_DEPLOYMENT_TARGET = 16.0;
				LD_RUNPATH_SEARCH_PATHS = (
					"$(inherited)",
					"@executable_path/Frameworks",
				);
				MARKETING_VERSION = 1.0;
				PRODUCT_BUNDLE_IDENTIFIER = com.davepark.RoomFit;
				PRODUCT_NAME = "$(TARGET_NAME)";
				SWIFT_EMIT_LOC_STRINGS = YES;
				SWIFT_VERSION = 5.0;
				TARGETED_DEVICE_FAMILY = "1,2";
			};
			name = Release;
		};
/* End XCBuildConfiguration section */

/* Begin XCConfigurationList section */
		4B04738E2C3D120100000001 /* Build configuration list for PBXProject "RoomFit" */ = {
			isa = XCConfigurationList;
			buildConfigurations = (
				4B0473A52C3D120100000001 /* Debug */,
				4B0473A62C3D120100000001 /* Release */,
			);
			defaultConfigurationIsVisible = 0;
			defaultConfigurationName = Release;
		};
		4B0473A92C3D120100000001 /* Build configuration list for PBXNativeTarget "RoomFit" */ = {
			isa = XCConfigurationList;
			buildConfigurations = (
				4B0473A72C3D120100000001 /* Debug */,
				4B0473A82C3D120100000001 /* Release */,
			);
			defaultConfigurationIsVisible = 0;
			defaultConfigurationName = Release;
		};
/* End XCConfigurationList section */
	};
	rootObject = 4B04738B2C3D120100000001 /* Project object */;
}
